GEM
  remote: http://rubygems.org/
  specs:
    base64 (0.2.0)
    make_menu (1.0.0)
      tty-screen (~> 0.8.2)
    mustermann (3.0.0)
      ruby2_keywords (~> 0.0.1)
    rack (2.2.8)
    rack-protection (3.2.0)
      base64 (>= 0.1.0)
      rack (~> 2.2, >= 2.2.4)
    redcarpet (3.6.0)
    ruby2_keywords (0.0.5)
    sinatra (3.2.0)
      mustermann (~> 3.0)
      rack (~> 2.2, >= 2.2.4)
      rack-protection (= 3.2.0)
      tilt (~> 2.0)
    tilt (2.3.0)
    tty-screen (0.8.2)

PLATFORMS
  arm64-darwin-21

DEPENDENCIES
  make_menu
  redcarpet
  sinatra

RUBY VERSION
   ruby 2.7.7p221

BUNDLED WITH
   2.3.26
